// !$*UTF8*$!
{
	archiveVersion = 1;
	classes = {
	};
	objectVersion = 55;
	objects = {

/* Begin PBXBuildFile section */
		EEDE2F6927967E3400EB0424 /* CleanTrailsApp.swift in Sources */ = {isa = PBXBuildFile; fileRef = EEDE2F6827967E3400EB0424 /* CleanTrailsApp.swift */; };
		EEDE2F6B27967E3400EB0424 /* ContentView.swift in Sources */ = {isa = PBXBuildFile; fileRef = EEDE2F6A27967E3400EB0424 /* ContentView.swift */; };
		EEDE2F6D27967E3400EB0424 /* Assets.xcassets in Resources */ = {isa = PBXBuildFile; fileRef = EEDE2F6C27967E3400EB0424 /* Assets.xcassets */; };
		EEDE2F7027967E3400EB0424 /* Preview Assets.xcassets in Resources */ = {isa = PBXBuildFile; fileRef = EEDE2F6F27967E3400EB0424 /* Preview Assets.xcassets */; };
		EEDE2F7D2797822D00EB0424 /* SettingsView.swift in Sources */ = {isa = PBXBuildFile; fileRef = EEDE2F7C2797822D00EB0424 /* SettingsView.swift */; };
		EEDE2F80279795B100EB0424 /* Locations.swift in Sources */ = {isa = PBXBuildFile; fileRef = EEDE2F7F279795B100EB0424 /* Locations.swift */; };
		EEDE2F852797A42200EB0424 /* PersistenceContoller.swift in Sources */ = {isa = PBXBuildFile; fileRef = EEDE2F842797A42200EB0424 /* PersistenceContoller.swift */; };
		EEDE2F872797AA2300EB0424 /* SavedLocationView.swift in Sources */ = {isa = PBXBuildFile; fileRef = EEDE2F862797AA2300EB0424 /* SavedLocationView.swift */; };
		EEDE2F8A2797C39600EB0424 /* Main.xcdatamodeld in Sources */ = {isa = PBXBuildFile; fileRef = EEDE2F882797C39600EB0424 /* Main.xcdatamodeld */; };
/* End PBXBuildFile section */

/* Begin PBXFileReference section */
		EEDE2F6527967E3400EB0424 /* CleanTrails.app */ = {isa = PBXFileReference; explicitFileType = wrapper.application; includeInIndex = 0; path = CleanTrails.app; sourceTree = BUILT_PRODUCTS_DIR; };
		EEDE2F6827967E3400EB0424 /* CleanTrailsApp.swift */ = {isa = PBXFileReference; lastKnownFileType = sourcecode.swift; path = CleanTrailsApp.swift; sourceTree = "<group>"; };
		EEDE2F6A27967E3400EB0424 /* ContentView.swift */ = {isa = PBXFileReference; lastKnownFileType = sourcecode.swift; path = ContentView.swift; sourceTree = "<group>"; };
		EEDE2F6C27967E3400EB0424 /* Assets.xcassets */ = {isa = PBXFileReference; lastKnownFileType = folder.assetcatalog; path = Assets.xcassets; sourceTree = "<group>"; };
		EEDE2F6F27967E3400EB0424 /* Preview Assets.xcassets */ = {isa = PBXFileReference; lastKnownFileType = folder.assetcatalog; path = "Preview Assets.xcassets"; sourceTree = "<group>"; };
		EEDE2F7C2797822D00EB0424 /* SettingsView.swift */ = {isa = PBXFileReference; lastKnownFileType = sourcecode.swift; path = SettingsView.swift; sourceTree = "<group>"; };
		EEDE2F7F279795B100EB0424 /* Locations.swift */ = {isa = PBXFileReference; lastKnownFileType = sourcecode.swift; path = Locations.swift; sourceTree = "<group>"; };
		EEDE2F842797A42200EB0424 /* PersistenceContoller.swift */ = {isa = PBXFileReference; lastKnownFileType = sourcecode.swift; path = PersistenceContoller.swift; sourceTree = "<group>"; };
		EEDE2F862797AA2300EB0424 /* SavedLocationView.swift */ = {isa = PBXFileReference; lastKnownFileType = sourcecode.swift; path = SavedLocationView.swift; sourceTree = "<group>"; };
		EEDE2F892797C39600EB0424 /* Main.xcdatamodel */ = {isa = PBXFileReference; lastKnownFileType = wrapper.xcdatamodel; path = Main.xcdatamodel; sourceTree = "<group>"; };
/* End PBXFileReference section */

/* Begin PBXFrameworksBuildPhase section */
		EEDE2F6227967E3400EB0424 /* Frameworks */ = {
			isa = PBXFrameworksBuildPhase;
			buildActionMask = 2147483647;
			files = (
			);
			runOnlyForDeploymentPostprocessing = 0;
		};
/* End PBXFrameworksBuildPhase section */

/* Begin PBXGroup section */
		EEDE2F5C27967E3400EB0424 = {
			isa = PBXGroup;
			children = (
				EEDE2F6727967E3400EB0424 /* CleanTrails */,
				EEDE2F6627967E3400EB0424 /* Products */,
			);
			sourceTree = "<group>";
		};
		EEDE2F6627967E3400EB0424 /* Products */ = {
			isa = PBXGroup;
			children = (
				EEDE2F6527967E3400EB0424 /* CleanTrails.app */,
			);
			name = Products;
			sourceTree = "<group>";
		};
		EEDE2F6727967E3400EB0424 /* CleanTrails */ = {
			isa = PBXGroup;
			children = (
				EEDE2F882797C39600EB0424 /* Main.xcdatamodeld */,
				EEDE2F6827967E3400EB0424 /* CleanTrailsApp.swift */,
				EEDE2F6A27967E3400EB0424 /* ContentView.swift */,
				EEDE2F862797AA2300EB0424 /* SavedLocationView.swift */,
				EEDE2F842797A42200EB0424 /* PersistenceContoller.swift */,
				EEDE2F7C2797822D00EB0424 /* SettingsView.swift */,
				EEDE2F7F279795B100EB0424 /* Locations.swift */,
				EEDE2F6C27967E3400EB0424 /* Assets.xcassets */,
				EEDE2F6E27967E3400EB0424 /* Preview Content */,
			);
			path = CleanTrails;
			sourceTree = "<group>";
		};
		EEDE2F6E27967E3400EB0424 /* Preview Content */ = {
			isa = PBXGroup;
			children = (
				EEDE2F6F27967E3400EB0424 /* Preview Assets.xcassets */,
			);
			path = "Preview Content";
			sourceTree = "<group>";
		};
/* End PBXGroup section */

/* Begin PBXNativeTarget section */
		EEDE2F6427967E3400EB0424 /* CleanTrails */ = {
			isa = PBXNativeTarget;
			buildConfigurationList = EEDE2F7327967E3400EB0424 /* Build configuration list for PBXNativeTarget "CleanTrails" */;
			buildPhases = (
				EEDE2F6127967E3400EB0424 /* Sources */,
				EEDE2F6227967E3400EB0424 /* Frameworks */,
				EEDE2F6327967E3400EB0424 /* Resources */,
			);
			buildRules = (
			);
			dependencies = (
			);
			name = CleanTrails;
			productName = CleanTrails;
			productReference = EEDE2F6527967E3400EB0424 /* CleanTrails.app */;
			productType = "com.apple.product-type.application";
		};
/* End PBXNativeTarget section */

/* Begin PBXProject section */
		EEDE2F5D27967E3400EB0424 /* Project object */ = {
			isa = PBXProject;
			attributes = {
				BuildIndependentTargetsInParallel = 1;
				LastSwiftUpdateCheck = 1320;
				LastUpgradeCheck = 1320;
				TargetAttributes = {
					EEDE2F6427967E3400EB0424 = {
						CreatedOnToolsVersion = 13.2.1;
					};
				};
			};
			buildConfigurationList = EEDE2F6027967E3400EB0424 /* Build configuration list for PBXProject "CleanTrails" */;
			compatibilityVersion = "Xcode 13.0";
			developmentRegion = en;
			hasScannedForEncodings = 0;
			knownRegions = (
				en,
				Base,
			);
			mainGroup = EEDE2F5C27967E3400EB0424;
			productRefGroup = EEDE2F6627967E3400EB0424 /* Products */;
			projectDirPath = "";
			projectRoot = "";
			targets = (
				EEDE2F6427967E3400EB0424 /* CleanTrails */,
			);
		};
/* End PBXProject section */

/* Begin PBXResourcesBuildPhase section */
		EEDE2F6327967E3400EB0424 /* Resources */ = {
			isa = PBXResourcesBuildPhase;
			buildActionMask = 2147483647;
			files = (
				EEDE2F7027967E3400EB0424 /* Preview Assets.xcassets in Resources */,
				EEDE2F6D27967E3400EB0424 /* Assets.xcassets in Resources */,
			);
			runOnlyForDeploymentPostprocessing = 0;
		};
/* End PBXResourcesBuildPhase section */

/* Begin PBXSourcesBuildPhase section */
		EEDE2F6127967E3400EB0424 /* Sources */ = {
			isa = PBXSourcesBuildPhase;
			buildActionMask = 2147483647;
			files = (
				EEDE2F852797A42200EB0424 /* PersistenceContoller.swift in Sources */,
				EEDE2F7D2797822D00EB0424 /* SettingsView.swift in Sources */,
				EEDE2F6B27967E3400EB0424 /* ContentView.swift in Sources */,
				EEDE2F872797AA2300EB0424 /* SavedLocationView.swift in Sources */,
				EEDE2F8A2797C39600EB0424 /* Main.xcdatamodeld in Sources */,
				EEDE2F80279795B100EB0424 /* Locations.swift in Sources */,
				EEDE2F6927967E3400EB0424 /* CleanTrailsApp.swift in Sources */,
			);
			runOnlyForDeploymentPostprocessing = 0;
		};
/* End PBXSourcesBuildPhase section */

/* Begin XCBuildConfiguration section */
		EEDE2F7127967E3400EB0424 /* Debug */ = {
			isa = XCBuildConfiguration;
			buildSettings = {
				ALWAYS_SEARCH_USER_PATHS = NO;
				CLANG_ANALYZER_NONNULL = YES;
				CLANG_ANALYZER_NUMBER_OBJECT_CONVERSION = YES_AGGRESSIVE;
				CLANG_CXX_LANGUAGE_STANDARD = "gnu++17";
				CLANG_CXX_LIBRARY = "libc++";
				CLANG_ENABLE_MODULES = YES;
				CLANG_ENABLE_OBJC_ARC = YES;
				CLANG_ENABLE_OBJC_WEAK = YES;
				CLANG_WARN_BLOCK_CAPTURE_AUTORELEASING = YES;
				CLANG_WARN_BOOL_CONVERSION = YES;
				CLANG_WARN_COMMA = YES;
				CLANG_WARN_CONSTANT_CONVERSION = YES;
				CLANG_WARN_DEPRECATED_OBJC_IMPLEMENTATIONS = YES;
				CLANG_WARN_DIRECT_OBJC_ISA_USAGE = YES_ERROR;
				CLANG_WARN_DOCUMENTATION_COMMENTS = YES;
				CLANG_WARN_EMPTY_BODY = YES;
				CLANG_WARN_ENUM_CONVERSION = YES;
				CLANG_WARN_INFINITE_RECURSION = YES;
				CLANG_WARN_INT_CONVERSION = YES;
				CLANG_WARN_NON_LITERAL_NULL_CONVERSION = YES;
				CLANG_WARN_OBJC_IMPLICIT_RETAIN_SELF = YES;
				CLANG_WARN_OBJC_LITERAL_CONVERSION = YES;
				CLANG_WARN_OBJC_ROOT_CLASS = YES_ERROR;
				CLANG_WARN_QUOTED_INCLUDE_IN_FRAMEWORK_HEADER = YES;
				CLANG_WARN_RANGE_LOOP_ANALYSIS = YES;
				CLANG_WARN_STRICT_PROTOTYPES = YES;
				CLANG_WARN_SUSPICIOUS_MOVE = YES;
				CLANG_WARN_UNGUARDED_AVAILABILITY = YES_AGGRESSIVE;
				CLANG_WARN_UNREACHABLE_CODE = YES;
				CLANG_WARN__DUPLICATE_METHOD_MATCH = YES;
				COPY_PHASE_STRIP = NO;
				DEBUG_INFORMATION_FORMAT = dwarf;
				ENABLE_STRICT_OBJC_MSGSEND = YES;
				ENABLE_TESTABILITY = YES;
				GCC_C_LANGUAGE_STANDARD = gnu11;
				GCC_DYNAMIC_NO_PIC = NO;
				GCC_NO_COMMON_BLOCKS = YES;
				GCC_OPTIMIZATION_LEVEL = 0;
				GCC_PREPROCESSOR_DEFINITIONS = (
					"DEBUG=1",
					"$(inherited)",
				);
				GCC_WARN_64_TO_32_BIT_CONVERSION = YES;
				GCC_WARN_ABOUT_RETURN_TYPE = YES_ERROR;
				GCC_WARN_UNDECLARED_SELECTOR = YES;
				GCC_WARN_UNINITIALIZED_AUTOS = YES_AGGRESSIVE;
				GCC_WARN_UNUSED_FUNCTION = YES;
				GCC_WARN_UNUSED_VARIABLE = YES;
				IPHONEOS_DEPLOYMENT_TARGET = 15.2;
				MTL_ENABLE_DEBUG_INFO = INCLUDE_SOURCE;
				MTL_FAST_MATH = YES;
				ONLY_ACTIVE_ARCH = YES;
				SDKROOT = iphoneos;
				SWIFT_ACTIVE_COMPILATION_CONDITIONS = DEBUG;
				SWIFT_OPTIMIZATION_LEVEL = "-Onone";
			};
			name = Debug;
		};
		EEDE2F7227967E3400EB0424 /* Release */ = {
			isa = XCBuildConfiguration;
			buildSettings = {
				ALWAYS_SEARCH_USER_PATHS = NO;
				CLANG_ANALYZER_NONNULL = YES;
				CLANG_ANALYZER_NUMBER_OBJECT_CONVERSION = YES_AGGRESSIVE;
				CLANG_CXX_LANGUAGE_STANDARD = "gnu++17";
				CLANG_CXX_LIBRARY = "libc++";
				CLANG_ENABLE_MODULES = YES;
				CLANG_ENABLE_OBJC_ARC = YES;
				CLANG_ENABLE_OBJC_WEAK = YES;
				CLANG_WARN_BLOCK_CAPTURE_AUTORELEASING = YES;
				CLANG_WARN_BOOL_CONVERSION = YES;
				CLANG_WARN_COMMA = YES;
				CLANG_WARN_CONSTANT_CONVERSION = YES;
				CLANG_WARN_DEPRECATED_OBJC_IMPLEMENTATIONS = YES;
				CLANG_WARN_DIRECT_OBJC_ISA_USAGE = YES_ERROR;
				CLANG_WARN_DOCUMENTATION_COMMENTS = YES;
				CLANG_WARN_EMPTY_BODY = YES;
				CLANG_WARN_ENUM_CONVERSION = YES;
				CLANG_WARN_INFINITE_RECURSION = YES;
				CLANG_WARN_INT_CONVERSION = YES;
				CLANG_WARN_NON_LITERAL_NULL_CONVERSION = YES;
				CLANG_WARN_OBJC_IMPLICIT_RETAIN_SELF = YES;
				CLANG_WARN_OBJC_LITERAL_CONVERSION = YES;
				CLANG_WARN_OBJC_ROOT_CLASS = YES_ERROR;
				CLANG_WARN_QUOTED_INCLUDE_IN_FRAMEWORK_HEADER = YES;
				CLANG_WARN_RANGE_LOOP_ANALYSIS = YES;
				CLANG_WARN_STRICT_PROTOTYPES = YES;
				CLANG_WARN_SUSPICIOUS_MOVE = YES;
				CLANG_WARN_UNGUARDED_AVAILABILITY = YES_AGGRESSIVE;
				CLANG_WARN_UNREACHABLE_CODE = YES;
				CLANG_WARN__DUPLICATE_METHOD_MATCH = YES;
				COPY_PHASE_STRIP = NO;
				DEBUG_INFORMATION_FORMAT = "dwarf-with-dsym";
				ENABLE_NS_ASSERTIONS = NO;
				ENABLE_STRICT_OBJC_MSGSEND = YES;
				GCC_C_LANGUAGE_STANDARD = gnu11;
				GCC_NO_COMMON_BLOCKS = YES;
				GCC_WARN_64_TO_32_BIT_CONVERSION = YES;
				GCC_WARN_ABOUT_RETURN_TYPE = YES_ERROR;
				GCC_WARN_UNDECLARED_SELECTOR = YES;
				GCC_WARN_UNINITIALIZED_AUTOS = YES_AGGRESSIVE;
				GCC_WARN_UNUSED_FUNCTION = YES;
				GCC_WARN_UNUSED_VARIABLE = YES;
				IPHONEOS_DEPLOYMENT_TARGET = 15.2;
				MTL_ENABLE_DEBUG_INFO = NO;
				MTL_FAST_MATH = YES;
				SDKROOT = iphoneos;
				SWIFT_COMPILATION_MODE = wholemodule;
				SWIFT_OPTIMIZATION_LEVEL = "-O";
				VALIDATE_PRODUCT = YES;
			};
			name = Release;
		};
		EEDE2F7427967E3400EB0424 /* Debug */ = {
			isa = XCBuildConfiguration;
			buildSettings = {
				ASSETCATALOG_COMPILER_APPICON_NAME = AppIcon;
				ASSETCATALOG_COMPILER_GLOBAL_ACCENT_COLOR_NAME = AccentColor;
				CODE_SIGN_STYLE = Automatic;
				CURRENT_PROJECT_VERSION = 1;
				DEVELOPMENT_ASSET_PATHS = "\"CleanTrails/Preview Content\"";
				DEVELOPMENT_TEAM = R33EH4VBMH;
				ENABLE_PREVIEWS = YES;
				GENERATE_INFOPLIST_FILE = YES;
				INFOPLIST_KEY_UIApplicationSceneManifest_Generation = YES;
				INFOPLIST_KEY_UIApplicationSupportsIndirectInputEvents = YES;
				INFOPLIST_KEY_UILaunchScreen_Generation = YES;
				INFOPLIST_KEY_UISupportedInterfaceOrientations_iPad = "UIInterfaceOrientationPortrait UIInterfaceOrientationPortraitUpsideDown UIInterfaceOrientationLandscapeLeft UIInterfaceOrientationLandscapeRight";
				INFOPLIST_KEY_UISupportedInterfaceOrientations_iPhone = "UIInterfaceOrientationPortrait UIInterfaceOrientationLandscapeLeft UIInterfaceOrientationLandscapeRight";
				LD_RUNPATH_SEARCH_PATHS = (
					"$(inherited)",
					"@executable_path/Frameworks",
				);
				MARKETING_VERSION = 1.0;
				PRODUCT_BUNDLE_IDENTIFIER = com.twobitcode.CleanTrails;
				PRODUCT_NAME = "$(TARGET_NAME)";
				SWIFT_EMIT_LOC_STRINGS = YES;
				SWIFT_VERSION = 5.0;
				TARGETED_DEVICE_FAMILY = "1,2";
			};
			name = Debug;
		};
		EEDE2F7527967E3400EB0424 /* Release */ = {
			isa = XCBuildConfiguration;
			buildSettings = {
				ASSETCATALOG_COMPILER_APPICON_NAME = AppIcon;
				ASSETCATALOG_COMPILER_GLOBAL_ACCENT_COLOR_NAME = AccentColor;
				CODE_SIGN_STYLE = Automatic;
				CURRENT_PROJECT_VERSION = 1;
				DEVELOPMENT_ASSET_PATHS = "\"CleanTrails/Preview Content\"";
				DEVELOPMENT_TEAM = R33EH4VBMH;
				ENABLE_PREVIEWS = YES;
				GENERATE_INFOPLIST_FILE = YES;
				INFOPLIST_KEY_UIApplicationSceneManifest_Generation = YES;
				INFOPLIST_KEY_UIApplicationSupportsIndirectInputEvents = YES;
				INFOPLIST_KEY_UILaunchScreen_Generation = YES;
				INFOPLIST_KEY_UISupportedInterfaceOrientations_iPad = "UIInterfaceOrientationPortrait UIInterfaceOrientationPortraitUpsideDown UIInterfaceOrientationLandscapeLeft UIInterfaceOrientationLandscapeRight";
				INFOPLIST_KEY_UISupportedInterfaceOrientations_iPhone = "UIInterfaceOrientationPortrait UIInterfaceOrientationLandscapeLeft UIInterfaceOrientationLandscapeRight";
				LD_RUNPATH_SEARCH_PATHS = (
					"$(inherited)",
					"@executable_path/Frameworks",
				);
				MARKETING_VERSION = 1.0;
				PRODUCT_BUNDLE_IDENTIFIER = com.twobitcode.CleanTrails;
				PRODUCT_NAME = "$(TARGET_NAME)";
				SWIFT_EMIT_LOC_STRINGS = YES;
				SWIFT_VERSION = 5.0;
				TARGETED_DEVICE_FAMILY = "1,2";
			};
			name = Release;
		};
/* End XCBuildConfiguration section */

/* Begin XCConfigurationList section */
		EEDE2F6027967E3400EB0424 /* Build configuration list for PBXProject "CleanTrails" */ = {
			isa = XCConfigurationList;
			buildConfigurations = (
				EEDE2F7127967E3400EB0424 /* Debug */,
				EEDE2F7227967E3400EB0424 /* Release */,
			);
			defaultConfigurationIsVisible = 0;
			defaultConfigurationName = Release;
		};
		EEDE2F7327967E3400EB0424 /* Build configuration list for PBXNativeTarget "CleanTrails" */ = {
			isa = XCConfigurationList;
			buildConfigurations = (
				EEDE2F7427967E3400EB0424 /* Debug */,
				EEDE2F7527967E3400EB0424 /* Release */,
			);
			defaultConfigurationIsVisible = 0;
			defaultConfigurationName = Release;
		};
/* End XCConfigurationList section */

/* Begin XCVersionGroup section */
		EEDE2F882797C39600EB0424 /* Main.xcdatamodeld */ = {
			isa = XCVersionGroup;
			children = (
				EEDE2F892797C39600EB0424 /* Main.xcdatamodel */,
			);
			currentVersion = EEDE2F892797C39600EB0424 /* Main.xcdatamodel */;
			name = Main.xcdatamodeld;
			path = ../Main.xcdatamodeld;
			sourceTree = "<group>";
			versionGroupType = wrapper.xcdatamodel;
		};
/* End XCVersionGroup section */
	};
	rootObject = EEDE2F5D27967E3400EB0424 /* Project object */;
}
